
Microsoft Visual Studio Solution File, Format Version 12.00
# Visual Studio Version 16
VisualStudioVersion = 16.0.30014.187
MinimumVisualStudioVersion = 10.0.40219.1
Project("{FAE04EC0-301F-11D3-BF4B-00C04F79EFBC}") = "FarmTrackingFrontend", "FarmTrackingFrontend.csproj", "{2028C9A4-6928-4E8C-AC32-BA777713307E}"
EndProject
Global
	GlobalSection(SolutionConfigurationPlatforms) = preSolution
		Debug|Any CPU = Debug|Any CPU
		Release|Any CPU = Release|Any CPU
	EndGlobalSection
	GlobalSection(ProjectConfigurationPlatforms) = postSolution
		{2028C9A4-6928-4E8C-AC32-BA777713307E}.Debug|Any CPU.ActiveCfg = Debug|Any CPU
		{2028C9A4-6928-4E8C-AC32-BA777713307E}.Debug|Any CPU.Build.0 = Debug|Any CPU
		{2028C9A4-6928-4E8C-AC32-BA777713307E}.Release|Any CPU.ActiveCfg = Release|Any CPU
		{2028C9A4-6928-4E8C-AC32-BA777713307E}.Release|Any CPU.Build.0 = Release|Any CPU
	EndGlobalSection
	GlobalSection(SolutionProperties) = preSolution
		HideSolutionNode = FALSE
	EndGlobalSection
	GlobalSection(ExtensibilityGlobals) = postSolution
		SolutionGuid = {C4830A88-6713-4848-8721-C06475621D81}
	EndGlobalSection
EndGlobal
